<?xml version="1.0" encoding="UTF-8" standalone="yes" ?>
<CodeBlocks_project_file>
	<FileVersion major="1" minor="6" />
	<Project>
		<Option title="Uni testy" />
		<Option pch_mode="2" />
		<Option compiler="gcc" />
		<Build>
			<Target title="Debug">
				<Option output="bin/Debug/Uni testy" prefix_auto="1" extension_auto="1" />
				<Option object_output="obj/Debug/" />
				<Option type="1" />
				<Option compiler="gcc" />
				<Compiler>
					<Add option="-g" />
				</Compiler>
			</Target>
			<Target title="Release">
				<Option output="bin/Release/Uni testy" prefix_auto="1" extension_auto="1" />
				<Option object_output="obj/Release/" />
				<Option type="1" />
				<Option compiler="gcc" />
				<Compiler>
					<Add option="-O2" />
				</Compiler>
				<Linker>
					<Add option="-s" />
				</Linker>
			</Target>
		</Build>
		<Compiler>
			<Add option="-Wall" />
		</Compiler>
		<Unit filename="academic.cpp" />
		<Unit filename="academic.h" />
		<Unit filename="admin.cpp" />
		<Unit filename="admin.h" />
		<Unit filename="app.cpp" />
		<Unit filename="app.h" />
		<Unit filename="appList.cpp" />
		<Unit filename="appList.h" />
		<Unit filename="customer.cpp" />
		<Unit filename="customer.h" />
		<Unit filename="developer.cpp" />
		<Unit filename="developer.h" />
		<Unit filename="main.cpp" />
		<Unit filename="paidApp.cpp" />
		<Unit filename="paidApp.h" />
		<Unit filename="shop.cpp" />
		<Unit filename="shop.h" />
		<Unit filename="trialApp.cpp" />
		<Unit filename="trialApp.h" />
		<Unit filename="user.cpp" />
		<Unit filename="user.h" />
		<Unit filename="userList.cpp" />
		<Unit filename="userList.h" />
		<Extensions>
			<code_completion />
			<debugger />
		</Extensions>
	</Project>
</CodeBlocks_project_file>
